// !$*UTF8*$!
{
	archiveVersion = 1;
	classes = {
	};
	objectVersion = 56;
	objects = {

/* Begin PBXBuildFile section */
		C2485C2E2A669C380041D606 /* AppDelegate.swift in Sources */ = {isa = PBXBuildFile; fileRef = C2485C2D2A669C380041D606 /* AppDelegate.swift */; };
		C2485C302A669C380041D606 /* SceneDelegate.swift in Sources */ = {isa = PBXBuildFile; fileRef = C2485C2F2A669C380041D606 /* SceneDelegate.swift */; };
		C2485C322A669C380041D606 /* ViewController.swift in Sources */ = {isa = PBXBuildFile; fileRef = C2485C312A669C380041D606 /* ViewController.swift */; };
		C2485C352A669C380041D606 /* Main.storyboard in Resources */ = {isa = PBXBuildFile; fileRef = C2485C332A669C380041D606 /* Main.storyboard */; };
		C2485C372A669C3A0041D606 /* Assets.xcassets in Resources */ = {isa = PBXBuildFile; fileRef = C2485C362A669C3A0041D606 /* Assets.xcassets */; };
		C2485C3A2A669C3A0041D606 /* LaunchScreen.storyboard in Resources */ = {isa = PBXBuildFile; fileRef = C2485C382A669C3A0041D606 /* LaunchScreen.storyboard */; };
		C2676DD92A66A97C00B58057 /* TwilioDependencies in Frameworks */ = {isa = PBXBuildFile; productRef = C2676DD82A66A97C00B58057 /* TwilioDependencies */; };
/* End PBXBuildFile section */

/* Begin PBXFileReference section */
		C23890612A66A90F00E49912 /* TwilioDependencies */ = {isa = PBXFileReference; lastKnownFileType = wrapper; name = TwilioDependencies; path = ../../TwilioDependencies; sourceTree = "<group>"; };
		C2485C2A2A669C380041D606 /* TestTwilioLLDB.app */ = {isa = PBXFileReference; explicitFileType = wrapper.application; includeInIndex = 0; path = TestTwilioLLDB.app; sourceTree = BUILT_PRODUCTS_DIR; };
		C2485C2D2A669C380041D606 /* AppDelegate.swift */ = {isa = PBXFileReference; lastKnownFileType = sourcecode.swift; path = AppDelegate.swift; sourceTree = "<group>"; };
		C2485C2F2A669C380041D606 /* SceneDelegate.swift */ = {isa = PBXFileReference; lastKnownFileType = sourcecode.swift; path = SceneDelegate.swift; sourceTree = "<group>"; };
		C2485C312A669C380041D606 /* ViewController.swift */ = {isa = PBXFileReference; lastKnownFileType = sourcecode.swift; path = ViewController.swift; sourceTree = "<group>"; };
		C2485C342A669C380041D606 /* Base */ = {isa = PBXFileReference; lastKnownFileType = file.storyboard; name = Base; path = Base.lproj/Main.storyboard; sourceTree = "<group>"; };
		C2485C362A669C3A0041D606 /* Assets.xcassets */ = {isa = PBXFileReference; lastKnownFileType = folder.assetcatalog; path = Assets.xcassets; sourceTree = "<group>"; };
		C2485C392A669C3A0041D606 /* Base */ = {isa = PBXFileReference; lastKnownFileType = file.storyboard; name = Base; path = Base.lproj/LaunchScreen.storyboard; sourceTree = "<group>"; };
		C2485C3B2A669C3A0041D606 /* Info.plist */ = {isa = PBXFileReference; lastKnownFileType = text.plist.xml; path = Info.plist; sourceTree = "<group>"; };
/* End PBXFileReference section */

/* Begin PBXFrameworksBuildPhase section */
		C2485C272A669C380041D606 /* Frameworks */ = {
			isa = PBXFrameworksBuildPhase;
			buildActionMask = 2147483647;
			files = (
				C2676DD92A66A97C00B58057 /* TwilioDependencies in Frameworks */,
			);
			runOnlyForDeploymentPostprocessing = 0;
		};
/* End PBXFrameworksBuildPhase section */

/* Begin PBXGroup section */
		C2485C212A669C380041D606 = {
			isa = PBXGroup;
			children = (
				C2485C2C2A669C380041D606 /* TestTwilioLLDB */,
				C2485C2B2A669C380041D606 /* Products */,
				C2485C4B2A66A6890041D606 /* Frameworks */,
			);
			sourceTree = "<group>";
		};
		C2485C2B2A669C380041D606 /* Products */ = {
			isa = PBXGroup;
			children = (
				C2485C2A2A669C380041D606 /* TestTwilioLLDB.app */,
			);
			name = Products;
			sourceTree = "<group>";
		};
		C2485C2C2A669C380041D606 /* TestTwilioLLDB */ = {
			isa = PBXGroup;
			children = (
				C23890612A66A90F00E49912 /* TwilioDependencies */,
				C2485C2D2A669C380041D606 /* AppDelegate.swift */,
				C2485C2F2A669C380041D606 /* SceneDelegate.swift */,
				C2485C312A669C380041D606 /* ViewController.swift */,
				C2485C332A669C380041D606 /* Main.storyboard */,
				C2485C362A669C3A0041D606 /* Assets.xcassets */,
				C2485C382A669C3A0041D606 /* LaunchScreen.storyboard */,
				C2485C3B2A669C3A0041D606 /* Info.plist */,
			);
			path = TestTwilioLLDB;
			sourceTree = "<group>";
		};
		C2485C4B2A66A6890041D606 /* Frameworks */ = {
			isa = PBXGroup;
			children = (
			);
			name = Frameworks;
			sourceTree = "<group>";
		};
/* End PBXGroup section */

/* Begin PBXNativeTarget section */
		C2485C292A669C380041D606 /* TestTwilioLLDB */ = {
			isa = PBXNativeTarget;
			buildConfigurationList = C2485C3E2A669C3A0041D606 /* Build configuration list for PBXNativeTarget "TestTwilioLLDB" */;
			buildPhases = (
				C2485C262A669C380041D606 /* Sources */,
				C2485C272A669C380041D606 /* Frameworks */,
				C2485C282A669C380041D606 /* Resources */,
			);
			buildRules = (
			);
			dependencies = (
			);
			name = TestTwilioLLDB;
			packageProductDependencies = (
				C2676DD82A66A97C00B58057 /* TwilioDependencies */,
			);
			productName = TestTwilioLLDB;
			productReference = C2485C2A2A669C380041D606 /* TestTwilioLLDB.app */;
			productType = "com.apple.product-type.application";
		};
/* End PBXNativeTarget section */

/* Begin PBXProject section */
		C2485C222A669C380041D606 /* Project object */ = {
			isa = PBXProject;
			attributes = {
				BuildIndependentTargetsInParallel = 1;
				LastSwiftUpdateCheck = 1430;
				LastUpgradeCheck = 1430;
				TargetAttributes = {
					C2485C292A669C380041D606 = {
						CreatedOnToolsVersion = 14.3.1;
					};
				};
			};
			buildConfigurationList = C2485C252A669C380041D606 /* Build configuration list for PBXProject "TestTwilioLLDB" */;
			compatibilityVersion = "Xcode 14.0";
			developmentRegion = en;
			hasScannedForEncodings = 0;
			knownRegions = (
				en,
				Base,
			);
			mainGroup = C2485C212A669C380041D606;
			productRefGroup = C2485C2B2A669C380041D606 /* Products */;
			projectDirPath = "";
			projectRoot = "";
			targets = (
				C2485C292A669C380041D606 /* TestTwilioLLDB */,
			);
		};
/* End PBXProject section */

/* Begin PBXResourcesBuildPhase section */
		C2485C282A669C380041D606 /* Resources */ = {
			isa = PBXResourcesBuildPhase;
			buildActionMask = 2147483647;
			files = (
				C2485C3A2A669C3A0041D606 /* LaunchScreen.storyboard in Resources */,
				C2485C372A669C3A0041D606 /* Assets.xcassets in Resources */,
				C2485C352A669C380041D606 /* Main.storyboard in Resources */,
			);
			runOnlyForDeploymentPostprocessing = 0;
		};
/* End PBXResourcesBuildPhase section */

/* Begin PBXSourcesBuildPhase section */
		C2485C262A669C380041D606 /* Sources */ = {
			isa = PBXSourcesBuildPhase;
			buildActionMask = 2147483647;
			files = (
				C2485C322A669C380041D606 /* ViewController.swift in Sources */,
				C2485C2E2A669C380041D606 /* AppDelegate.swift in Sources */,
				C2485C302A669C380041D606 /* SceneDelegate.swift in Sources */,
			);
			runOnlyForDeploymentPostprocessing = 0;
		};
/* End PBXSourcesBuildPhase section */

/* Begin PBXVariantGroup section */
		C2485C332A669C380041D606 /* Main.storyboard */ = {
			isa = PBXVariantGroup;
			children = (
				C2485C342A669C380041D606 /* Base */,
			);
			name = Main.storyboard;
			sourceTree = "<group>";
		};
		C2485C382A669C3A0041D606 /* LaunchScreen.storyboard */ = {
			isa = PBXVariantGroup;
			children = (
				C2485C392A669C3A0041D606 /* Base */,
			);
			name = LaunchScreen.storyboard;
			sourceTree = "<group>";
		};
/* End PBXVariantGroup section */

/* Begin XCBuildConfiguration section */
		C2485C3C2A669C3A0041D606 /* Debug */ = {
			isa = XCBuildConfiguration;
			buildSettings = {
				ALWAYS_SEARCH_USER_PATHS = NO;
				CLANG_ANALYZER_NONNULL = YES;
				CLANG_ANALYZER_NUMBER_OBJECT_CONVERSION = YES_AGGRESSIVE;
				CLANG_CXX_LANGUAGE_STANDARD = "gnu++20";
				CLANG_ENABLE_MODULES = YES;
				CLANG_ENABLE_OBJC_ARC = YES;
				CLANG_ENABLE_OBJC_WEAK = YES;
				CLANG_WARN_BLOCK_CAPTURE_AUTORELEASING = YES;
				CLANG_WARN_BOOL_CONVERSION = YES;
				CLANG_WARN_COMMA = YES;
				CLANG_WARN_CONSTANT_CONVERSION = YES;
				CLANG_WARN_DEPRECATED_OBJC_IMPLEMENTATIONS = YES;
				CLANG_WARN_DIRECT_OBJC_ISA_USAGE = YES_ERROR;
				CLANG_WARN_DOCUMENTATION_COMMENTS = YES;
				CLANG_WARN_EMPTY_BODY = YES;
				CLANG_WARN_ENUM_CONVERSION = YES;
				CLANG_WARN_INFINITE_RECURSION = YES;
				CLANG_WARN_INT_CONVERSION = YES;
				CLANG_WARN_NON_LITERAL_NULL_CONVERSION = YES;
				CLANG_WARN_OBJC_IMPLICIT_RETAIN_SELF = YES;
				CLANG_WARN_OBJC_LITERAL_CONVERSION = YES;
				CLANG_WARN_OBJC_ROOT_CLASS = YES_ERROR;
				CLANG_WARN_QUOTED_INCLUDE_IN_FRAMEWORK_HEADER = YES;
				CLANG_WARN_RANGE_LOOP_ANALYSIS = YES;
				CLANG_WARN_STRICT_PROTOTYPES = YES;
				CLANG_WARN_SUSPICIOUS_MOVE = YES;
				CLANG_WARN_UNGUARDED_AVAILABILITY = YES_AGGRESSIVE;
				CLANG_WARN_UNREACHABLE_CODE = YES;
				CLANG_WARN__DUPLICATE_METHOD_MATCH = YES;
				COPY_PHASE_STRIP = NO;
				DEBUG_INFORMATION_FORMAT = dwarf;
				ENABLE_STRICT_OBJC_MSGSEND = YES;
				ENABLE_TESTABILITY = YES;
				GCC_C_LANGUAGE_STANDARD = gnu11;
				GCC_DYNAMIC_NO_PIC = NO;
				GCC_NO_COMMON_BLOCKS = YES;
				GCC_OPTIMIZATION_LEVEL = 0;
				GCC_PREPROCESSOR_DEFINITIONS = (
					"DEBUG=1",
					"$(inherited)",
				);
				GCC_WARN_64_TO_32_BIT_CONVERSION = YES;
				GCC_WARN_ABOUT_RETURN_TYPE = YES_ERROR;
				GCC_WARN_UNDECLARED_SELECTOR = YES;
				GCC_WARN_UNINITIALIZED_AUTOS = YES_AGGRESSIVE;
				GCC_WARN_UNUSED_FUNCTION = YES;
				GCC_WARN_UNUSED_VARIABLE = YES;
				IPHONEOS_DEPLOYMENT_TARGET = 16.4;
				MTL_ENABLE_DEBUG_INFO = INCLUDE_SOURCE;
				MTL_FAST_MATH = YES;
				ONLY_ACTIVE_ARCH = YES;
				SDKROOT = iphoneos;
				SWIFT_ACTIVE_COMPILATION_CONDITIONS = DEBUG;
				SWIFT_OPTIMIZATION_LEVEL = "-Onone";
			};
			name = Debug;
		};
		C2485C3D2A669C3A0041D606 /* Release */ = {
			isa = XCBuildConfiguration;
			buildSettings = {
				ALWAYS_SEARCH_USER_PATHS = NO;
				CLANG_ANALYZER_NONNULL = YES;
				CLANG_ANALYZER_NUMBER_OBJECT_CONVERSION = YES_AGGRESSIVE;
				CLANG_CXX_LANGUAGE_STANDARD = "gnu++20";
				CLANG_ENABLE_MODULES = YES;
				CLANG_ENABLE_OBJC_ARC = YES;
				CLANG_ENABLE_OBJC_WEAK = YES;
				CLANG_WARN_BLOCK_CAPTURE_AUTORELEASING = YES;
				CLANG_WARN_BOOL_CONVERSION = YES;
				CLANG_WARN_COMMA = YES;
				CLANG_WARN_CONSTANT_CONVERSION = YES;
				CLANG_WARN_DEPRECATED_OBJC_IMPLEMENTATIONS = YES;
				CLANG_WARN_DIRECT_OBJC_ISA_USAGE = YES_ERROR;
				CLANG_WARN_DOCUMENTATION_COMMENTS = YES;
				CLANG_WARN_EMPTY_BODY = YES;
				CLANG_WARN_ENUM_CONVERSION = YES;
				CLANG_WARN_INFINITE_RECURSION = YES;
				CLANG_WARN_INT_CONVERSION = YES;
				CLANG_WARN_NON_LITERAL_NULL_CONVERSION = YES;
				CLANG_WARN_OBJC_IMPLICIT_RETAIN_SELF = YES;
				CLANG_WARN_OBJC_LITERAL_CONVERSION = YES;
				CLANG_WARN_OBJC_ROOT_CLASS = YES_ERROR;
				CLANG_WARN_QUOTED_INCLUDE_IN_FRAMEWORK_HEADER = YES;
				CLANG_WARN_RANGE_LOOP_ANALYSIS = YES;
				CLANG_WARN_STRICT_PROTOTYPES = YES;
				CLANG_WARN_SUSPICIOUS_MOVE = YES;
				CLANG_WARN_UNGUARDED_AVAILABILITY = YES_AGGRESSIVE;
				CLANG_WARN_UNREACHABLE_CODE = YES;
				CLANG_WARN__DUPLICATE_METHOD_MATCH = YES;
				COPY_PHASE_STRIP = NO;
				DEBUG_INFORMATION_FORMAT = "dwarf-with-dsym";
				ENABLE_NS_ASSERTIONS = NO;
				ENABLE_STRICT_OBJC_MSGSEND = YES;
				GCC_C_LANGUAGE_STANDARD = gnu11;
				GCC_NO_COMMON_BLOCKS = YES;
				GCC_WARN_64_TO_32_BIT_CONVERSION = YES;
				GCC_WARN_ABOUT_RETURN_TYPE = YES_ERROR;
				GCC_WARN_UNDECLARED_SELECTOR = YES;
				GCC_WARN_UNINITIALIZED_AUTOS = YES_AGGRESSIVE;
				GCC_WARN_UNUSED_FUNCTION = YES;
				GCC_WARN_UNUSED_VARIABLE = YES;
				IPHONEOS_DEPLOYMENT_TARGET = 16.4;
				MTL_ENABLE_DEBUG_INFO = NO;
				MTL_FAST_MATH = YES;
				SDKROOT = iphoneos;
				SWIFT_COMPILATION_MODE = wholemodule;
				SWIFT_OPTIMIZATION_LEVEL = "-O";
				VALIDATE_PRODUCT = YES;
			};
			name = Release;
		};
		C2485C3F2A669C3A0041D606 /* Debug */ = {
			isa = XCBuildConfiguration;
			buildSettings = {
				ASSETCATALOG_COMPILER_APPICON_NAME = AppIcon;
				ASSETCATALOG_COMPILER_GLOBAL_ACCENT_COLOR_NAME = AccentColor;
				CODE_SIGN_STYLE = Automatic;
				CURRENT_PROJECT_VERSION = 1;
				DEVELOPMENT_TEAM = WBWZ3U476T;
				GENERATE_INFOPLIST_FILE = YES;
				INFOPLIST_FILE = TestTwilioLLDB/Info.plist;
				INFOPLIST_KEY_UIApplicationSupportsIndirectInputEvents = YES;
				INFOPLIST_KEY_UILaunchStoryboardName = LaunchScreen;
				INFOPLIST_KEY_UIMainStoryboardFile = Main;
				INFOPLIST_KEY_UISupportedInterfaceOrientations_iPad = "UIInterfaceOrientationPortrait UIInterfaceOrientationPortraitUpsideDown UIInterfaceOrientationLandscapeLeft UIInterfaceOrientationLandscapeRight";
				INFOPLIST_KEY_UISupportedInterfaceOrientations_iPhone = "UIInterfaceOrientationPortrait UIInterfaceOrientationLandscapeLeft UIInterfaceOrientationLandscapeRight";
				LD_RUNPATH_SEARCH_PATHS = (
					"$(inherited)",
					"@executable_path/Frameworks",
				);
				MARKETING_VERSION = 1.0;
				PRODUCT_BUNDLE_IDENTIFIER = com.anz.anzx.testtwiliolldb.TestTwilioLLDB;
				PRODUCT_NAME = "$(TARGET_NAME)";
				SWIFT_EMIT_LOC_STRINGS = YES;
				SWIFT_VERSION = 5.0;
				TARGETED_DEVICE_FAMILY = "1,2";
			};
			name = Debug;
		};
		C2485C402A669C3A0041D606 /* Release */ = {
			isa = XCBuildConfiguration;
			buildSettings = {
				ASSETCATALOG_COMPILER_APPICON_NAME = AppIcon;
				ASSETCATALOG_COMPILER_GLOBAL_ACCENT_COLOR_NAME = AccentColor;
				CODE_SIGN_STYLE = Automatic;
				CURRENT_PROJECT_VERSION = 1;
				DEVELOPMENT_TEAM = WBWZ3U476T;
				GENERATE_INFOPLIST_FILE = YES;
				INFOPLIST_FILE = TestTwilioLLDB/Info.plist;
				INFOPLIST_KEY_UIApplicationSupportsIndirectInputEvents = YES;
				INFOPLIST_KEY_UILaunchStoryboardName = LaunchScreen;
				INFOPLIST_KEY_UIMainStoryboardFile = Main;
				INFOPLIST_KEY_UISupportedInterfaceOrientations_iPad = "UIInterfaceOrientationPortrait UIInterfaceOrientationPortraitUpsideDown UIInterfaceOrientationLandscapeLeft UIInterfaceOrientationLandscapeRight";
				INFOPLIST_KEY_UISupportedInterfaceOrientations_iPhone = "UIInterfaceOrientationPortrait UIInterfaceOrientationLandscapeLeft UIInterfaceOrientationLandscapeRight";
				LD_RUNPATH_SEARCH_PATHS = (
					"$(inherited)",
					"@executable_path/Frameworks",
				);
				MARKETING_VERSION = 1.0;
				PRODUCT_BUNDLE_IDENTIFIER = com.anz.anzx.testtwiliolldb.TestTwilioLLDB;
				PRODUCT_NAME = "$(TARGET_NAME)";
				SWIFT_EMIT_LOC_STRINGS = YES;
				SWIFT_VERSION = 5.0;
				TARGETED_DEVICE_FAMILY = "1,2";
			};
			name = Release;
		};
/* End XCBuildConfiguration section */

/* Begin XCConfigurationList section */
		C2485C252A669C380041D606 /* Build configuration list for PBXProject "TestTwilioLLDB" */ = {
			isa = XCConfigurationList;
			buildConfigurations = (
				C2485C3C2A669C3A0041D606 /* Debug */,
				C2485C3D2A669C3A0041D606 /* Release */,
			);
			defaultConfigurationIsVisible = 0;
			defaultConfigurationName = Release;
		};
		C2485C3E2A669C3A0041D606 /* Build configuration list for PBXNativeTarget "TestTwilioLLDB" */ = {
			isa = XCConfigurationList;
			buildConfigurations = (
				C2485C3F2A669C3A0041D606 /* Debug */,
				C2485C402A669C3A0041D606 /* Release */,
			);
			defaultConfigurationIsVisible = 0;
			defaultConfigurationName = Release;
		};
/* End XCConfigurationList section */

/* Begin XCSwiftPackageProductDependency section */
		C2676DD82A66A97C00B58057 /* TwilioDependencies */ = {
			isa = XCSwiftPackageProductDependency;
			productName = TwilioDependencies;
		};
/* End XCSwiftPackageProductDependency section */
	};
	rootObject = C2485C222A669C380041D606 /* Project object */;
}
